
Microsoft Visual Studio Solution File, Format Version 12.00
# Visual Studio Version 17
VisualStudioVersion = 17.14.36623.8 d17.14
MinimumVisualStudioVersion = 10.0.40219.1
Project("{FAE04EC0-301F-11D3-BF4B-00C04F79EFBC}") = "MinhaNovaApi", "MinhaNovaApi\MinhaNovaApi.csproj", "{BFE7C633-166D-4AC7-9D68-5A9B4F906E75}"
EndProject
Global
	GlobalSection(SolutionConfigurationPlatforms) = preSolution
		Debug|Any CPU = Debug|Any CPU
		Release|Any CPU = Release|Any CPU
	EndGlobalSection
	GlobalSection(ProjectConfigurationPlatforms) = postSolution
		{BFE7C633-166D-4AC7-9D68-5A9B4F906E75}.Debug|Any CPU.ActiveCfg = Debug|Any CPU
		{BFE7C633-166D-4AC7-9D68-5A9B4F906E75}.Debug|Any CPU.Build.0 = Debug|Any CPU
		{BFE7C633-166D-4AC7-9D68-5A9B4F906E75}.Release|Any CPU.ActiveCfg = Release|Any CPU
		{BFE7C633-166D-4AC7-9D68-5A9B4F906E75}.Release|Any CPU.Build.0 = Release|Any CPU
	EndGlobalSection
	GlobalSection(SolutionProperties) = preSolution
		HideSolutionNode = FALSE
	EndGlobalSection
	GlobalSection(ExtensibilityGlobals) = postSolution
		SolutionGuid = {6A0A4E67-3919-42A6-BB0A-A58D42AAC1F6}
	EndGlobalSection
EndGlobal
